
Microsoft Visual Studio Solution File, Format Version 12.00
# Visual Studio Version 17
VisualStudioVersion = 17.13.35931.197 d17.13
MinimumVisualStudioVersion = 10.0.40219.1
Project("{8BC9CEB8-8B4A-11D0-8D11-00A0C91BC942}") = "ChetoAI", "ChetoAI\ChetoAI.vcxproj", "{CD9EF185-937E-4345-BD4B-AD59640A1A94}"
EndProject
Global
	GlobalSection(SolutionConfigurationPlatforms) = preSolution
		Debug|x64 = Debug|x64
		Debug|x86 = Debug|x86
		Release|x64 = Release|x64
		Release|x86 = Release|x86
	EndGlobalSection
	GlobalSection(ProjectConfigurationPlatforms) = postSolution
		{CD9EF185-937E-4345-BD4B-AD59640A1A94}.Debug|x64.ActiveCfg = Debug|x64
		{CD9EF185-937E-4345-BD4B-AD59640A1A94}.Debug|x64.Build.0 = Debug|x64
		{CD9EF185-937E-4345-BD4B-AD59640A1A94}.Debug|x86.ActiveCfg = Debug|Win32
		{CD9EF185-937E-4345-BD4B-AD59640A1A94}.Debug|x86.Build.0 = Debug|Win32
		{CD9EF185-937E-4345-BD4B-AD59640A1A94}.Release|x64.ActiveCfg = Release|x64
		{CD9EF185-937E-4345-BD4B-AD59640A1A94}.Release|x64.Build.0 = Release|x64
		{CD9EF185-937E-4345-BD4B-AD59640A1A94}.Release|x86.ActiveCfg = Release|Win32
		{CD9EF185-937E-4345-BD4B-AD59640A1A94}.Release|x86.Build.0 = Release|Win32
	EndGlobalSection
	GlobalSection(SolutionProperties) = preSolution
		HideSolutionNode = FALSE
	EndGlobalSection
	GlobalSection(ExtensibilityGlobals) = postSolution
		SolutionGuid = {E0EE65F0-DA38-4BE6-AD91-2BA16B9F6A5B}
	EndGlobalSection
EndGlobal
